
Microsoft Visual Studio Solution File, Format Version 12.00
# Visual Studio Version 17
VisualStudioVersion = 17.0.32014.148
MinimumVisualStudioVersion = 10.0.40219.1
Project("{FAE04EC0-301F-11D3-BF4B-00C04F79EFBC}") = "Тест", "Тест\Тест.csproj", "{52E64742-D73E-4D36-AE42-A1CD524C0232}"
EndProject
Global
	GlobalSection(SolutionConfigurationPlatforms) = preSolution
		Debug|Any CPU = Debug|Any CPU
		Release|Any CPU = Release|Any CPU
	EndGlobalSection
	GlobalSection(ProjectConfigurationPlatforms) = postSolution
		{52E64742-D73E-4D36-AE42-A1CD524C0232}.Debug|Any CPU.ActiveCfg = Debug|Any CPU
		{52E64742-D73E-4D36-AE42-A1CD524C0232}.Debug|Any CPU.Build.0 = Debug|Any CPU
		{52E64742-D73E-4D36-AE42-A1CD524C0232}.Release|Any CPU.ActiveCfg = Release|Any CPU
		{52E64742-D73E-4D36-AE42-A1CD524C0232}.Release|Any CPU.Build.0 = Release|Any CPU
	EndGlobalSection
	GlobalSection(SolutionProperties) = preSolution
		HideSolutionNode = FALSE
	EndGlobalSection
	GlobalSection(ExtensibilityGlobals) = postSolution
		SolutionGuid = {2C498222-82EC-471B-8C4B-A8E546471E40}
	EndGlobalSection
EndGlobal
